# This file is generated by running "yarn install" inside your project.
# Manual changes might be lost - proceed with caution!

__metadata:
  version: 8
  cacheKey: 10

"@nodelib/fs.scandir@npm:2.1.5":
  version: 2.1.5
  resolution: "@nodelib/fs.scandir@npm:2.1.5"
  dependencies:
    "@nodelib/fs.stat": "npm:2.0.5"
    run-parallel: "npm:^1.1.9"
  checksum: 6ab2a9b8a1d67b067922c36f259e3b3dfd6b97b219c540877a4944549a4d49ea5ceba5663905ab5289682f1f3c15ff441d02f0447f620a42e1cb5e1937174d4b
  languageName: node
  linkType: hard

"@nodelib/fs.stat@npm:2.0.5, @nodelib/fs.stat@npm:^2.0.2":
  version: 2.0.5
  resolution: "@nodelib/fs.stat@npm:2.0.5"
  checksum: 012480b5ca9d97bff9261571dbbec7bbc6033f69cc92908bc1ecfad0792361a5a1994bc48674b9ef76419d056a03efadfce5a6cf6dbc0a36559571a7a483f6f0
  languageName: node
  linkType: hard

"@nodelib/fs.walk@npm:^1.2.3":
  version: 1.2.8
  resolution: "@nodelib/fs.walk@npm:1.2.8"
  dependencies:
    "@nodelib/fs.scandir": "npm:2.1.5"
    fastq: "npm:^1.6.0"
  checksum: 40033e33e96e97d77fba5a238e4bba4487b8284678906a9f616b5579ddaf868a18874c0054a75402c9fbaaa033a25ceae093af58c9c30278e35c23c9479e79b0
  languageName: node
  linkType: hard

"@pkgr/core@npm:^0.1.0":
  version: 0.1.0
  resolution: "@pkgr/core@npm:0.1.0"
  checksum: eeff0e0e517b1ed10eb4c1a8971413a8349bbfdab727dbe7d4085fd94eab95f0c3beb51b9245fef30562849d2a7a119e07ca48c343c8c4ec4e64ee289f50fe5e
  languageName: node
  linkType: hard

"@sargunv/prettier-config@npm:^0.3.0":
  version: 0.3.0
  resolution: "@sargunv/prettier-config@npm:0.3.0"
  dependencies:
    prettier-plugin-packagejson: "npm:^2.4.9"
  peerDependencies:
    prettier: "*"
  checksum: 2c2fa2204a199d08a24e6f0bf98e53933932c52d6d8daa8eafed36893f9b3f93a71ac3bb960cbcb2b0712e0af588b255acf611263452e0f052d1e008a5e43b28
  languageName: node
  linkType: hard

"@sargunv/typescript-config@workspace:.":
  version: 0.0.0-use.local
  resolution: "@sargunv/typescript-config@workspace:."
  dependencies:
    "@sargunv/prettier-config": "npm:^0.3.0"
    ignore-sync: "npm:^7.0.1"
    prettier: "npm:^3.2.2"
  peerDependencies:
    typescript: ~5.3.0
  languageName: unknown
  linkType: soft

"asynckit@npm:^0.4.0":
  version: 0.4.0
  resolution: "asynckit@npm:0.4.0"
  checksum: 3ce727cbc78f69d6a4722517a58ee926c8c21083633b1d3fdf66fd688f6c127a53a592141bd4866f9b63240a86e9d8e974b13919450bd17fa33c2d22c4558ad8
  languageName: node
  linkType: hard

"axios@npm:^1.4.0":
  version: 1.6.5
  resolution: "axios@npm:1.6.5"
  dependencies:
    follow-redirects: "npm:^1.15.4"
    form-data: "npm:^4.0.0"
    proxy-from-env: "npm:^1.1.0"
  checksum: 465489d9bf8f039b9adbc8103b6299d6a5e26de77b27f0e4173d814d39bca8f4b4659d94e09ee40461aedccd8c2452f1e2b3edace1c9f81220060d2974ff9dc7
  languageName: node
  linkType: hard

"braces@npm:^3.0.2":
  version: 3.0.2
  resolution: "braces@npm:3.0.2"
  dependencies:
    fill-range: "npm:^7.0.1"
  checksum: 966b1fb48d193b9d155f810e5efd1790962f2c4e0829f8440b8ad236ba009222c501f70185ef732fef17a4c490bb33a03b90dab0631feafbdf447da91e8165b1
  languageName: node
  linkType: hard

"combined-stream@npm:^1.0.8":
  version: 1.0.8
  resolution: "combined-stream@npm:1.0.8"
  dependencies:
    delayed-stream: "npm:~1.0.0"
  checksum: 2e969e637d05d09fa50b02d74c83a1186f6914aae89e6653b62595cc75a221464f884f55f231b8f4df7a49537fba60bdc0427acd2bf324c09a1dbb84837e36e4
  languageName: node
  linkType: hard

"delayed-stream@npm:~1.0.0":
  version: 1.0.0
  resolution: "delayed-stream@npm:1.0.0"
  checksum: 46fe6e83e2cb1d85ba50bd52803c68be9bd953282fa7096f51fc29edd5d67ff84ff753c51966061e5ba7cb5e47ef6d36a91924eddb7f3f3483b1c560f77a0020
  languageName: node
  linkType: hard

"detect-indent@npm:^7.0.1":
  version: 7.0.1
  resolution: "detect-indent@npm:7.0.1"
  checksum: cbf3f0b1c3c881934ca94428e1179b26ab2a587e0d719031d37a67fb506d49d067de54ff057cb1e772e75975fed5155c01cd4518306fee60988b1486e3fc7768
  languageName: node
  linkType: hard

"detect-newline@npm:^4.0.0":
  version: 4.0.0
  resolution: "detect-newline@npm:4.0.0"
  checksum: 52767347c70f485b2d1db6493dde57b8c3c1f249e24bad7eb7424cc1129200aa7e671902ede18bc94a8b69e10dec91456aab4c7e2478559d9eedb31ef3847f36
  languageName: node
  linkType: hard

"dir-glob@npm:^3.0.1":
  version: 3.0.1
  resolution: "dir-glob@npm:3.0.1"
  dependencies:
    path-type: "npm:^4.0.0"
  checksum: fa05e18324510d7283f55862f3161c6759a3f2f8dbce491a2fc14c8324c498286c54282c1f0e933cb930da8419b30679389499b919122952a4f8592362ef4615
  languageName: node
  linkType: hard

"fast-glob@npm:^3.2.11, fast-glob@npm:^3.2.12":
  version: 3.2.12
  resolution: "fast-glob@npm:3.2.12"
  dependencies:
    "@nodelib/fs.stat": "npm:^2.0.2"
    "@nodelib/fs.walk": "npm:^1.2.3"
    glob-parent: "npm:^5.1.2"
    merge2: "npm:^1.3.0"
    micromatch: "npm:^4.0.4"
  checksum: 641e748664ae0fdc4dadd23c812fd7d6c80cd92d451571cb1f81fa87edb750e917f25abf74fc9503c97438b0b67ecf75b738bb8e50a83b16bd2a88b4d64e81fa
  languageName: node
  linkType: hard

"fastq@npm:^1.6.0":
  version: 1.15.0
  resolution: "fastq@npm:1.15.0"
  dependencies:
    reusify: "npm:^1.0.4"
  checksum: 67c01b1c972e2d5b6fea197a1a39d5d582982aea69ff4c504badac71080d8396d4843b165a9686e907c233048f15a86bbccb0e7f83ba771f6fa24bcde059d0c3
  languageName: node
  linkType: hard

"fill-range@npm:^7.0.1":
  version: 7.0.1
  resolution: "fill-range@npm:7.0.1"
  dependencies:
    to-regex-range: "npm:^5.0.1"
  checksum: e260f7592fd196b4421504d3597cc76f4a1ca7a9488260d533b611fc3cefd61e9a9be1417cb82d3b01ad9f9c0ff2dbf258e1026d2445e26b0cf5148ff4250429
  languageName: node
  linkType: hard

"follow-redirects@npm:^1.15.4":
  version: 1.15.5
  resolution: "follow-redirects@npm:1.15.5"
  peerDependenciesMeta:
    debug:
      optional: true
  checksum: d467f13c1c6aa734599b8b369cd7a625b20081af358f6204ff515f6f4116eb440de9c4e0c49f10798eeb0df26c95dd05d5e0d9ddc5786ab1a8a8abefe92929b4
  languageName: node
  linkType: hard

"form-data@npm:^4.0.0":
  version: 4.0.0
  resolution: "form-data@npm:4.0.0"
  dependencies:
    asynckit: "npm:^0.4.0"
    combined-stream: "npm:^1.0.8"
    mime-types: "npm:^2.1.12"
  checksum: 7264aa760a8cf09482816d8300f1b6e2423de1b02bba612a136857413fdc96d7178298ced106817655facc6b89036c6e12ae31c9eb5bdc16aabf502ae8a5d805
  languageName: node
  linkType: hard

"get-stdin@npm:^9.0.0":
  version: 9.0.0
  resolution: "get-stdin@npm:9.0.0"
  checksum: 5972bc34d05932b45512c8e2d67b040f1c1ca8afb95c56cbc480985f2d761b7e37fe90dc8abd22527f062cc5639a6930ff346e9952ae4c11a2d4275869459594
  languageName: node
  linkType: hard

"git-hooks-list@npm:^3.0.0":
  version: 3.1.0
  resolution: "git-hooks-list@npm:3.1.0"
  checksum: 05cbdb29e1e14f3b6fde78c876a34383e4476b1be32e8486ad03293f01add884c1a8df8c2dce2ca5d99119c94951b2ff9fa9cbd51d834ae6477b6813cefb998f
  languageName: node
  linkType: hard

"glob-parent@npm:^5.1.2":
  version: 5.1.2
  resolution: "glob-parent@npm:5.1.2"
  dependencies:
    is-glob: "npm:^4.0.1"
  checksum: 32cd106ce8c0d83731966d31517adb766d02c3812de49c30cfe0675c7c0ae6630c11214c54a5ae67aca882cf738d27fd7768f21aa19118b9245950554be07247
  languageName: node
  linkType: hard

"globby@npm:^13.1.2":
  version: 13.1.3
  resolution: "globby@npm:13.1.3"
  dependencies:
    dir-glob: "npm:^3.0.1"
    fast-glob: "npm:^3.2.11"
    ignore: "npm:^5.2.0"
    merge2: "npm:^1.4.1"
    slash: "npm:^4.0.0"
  checksum: c5eee00704455c283b3e466b63d906bcd32a64bbe2d00792016cf518cc1a247433ba8cae4ebe6076075a4b14d6fd07f8a9587083d59bfa85e3c4fab9fffa4d91
  languageName: node
  linkType: hard

"ignore-sync@npm:^7.0.1":
  version: 7.0.1
  resolution: "ignore-sync@npm:7.0.1"
  dependencies:
    axios: "npm:^1.4.0"
    fast-glob: "npm:^3.2.12"
    ignore: "npm:^5.2.0"
    ramda: "npm:^0.29.0"
  bin:
    ignore-sync: src/bin.js
  checksum: a93aee3ab540a500ae1da2b43d2ce552f26fb3a933898415ad34b340b8551a98eb623b50a7e90a8fe434f51f87a9558b3c44095324d9b9ff0ecd052b4db6506e
  languageName: node
  linkType: hard

"ignore@npm:^5.2.0":
  version: 5.2.4
  resolution: "ignore@npm:5.2.4"
  checksum: 4f7caf5d2005da21a382d4bd1d2aa741a3bed51de185c8562dd7f899a81a620ac4fd0619b06f7029a38ae79e4e4c134399db3bd0192c703c3ef54bb82df3086c
  languageName: node
  linkType: hard

"is-extglob@npm:^2.1.1":
  version: 2.1.1
  resolution: "is-extglob@npm:2.1.1"
  checksum: df033653d06d0eb567461e58a7a8c9f940bd8c22274b94bf7671ab36df5719791aae15eef6d83bbb5e23283967f2f984b8914559d4449efda578c775c4be6f85
  languageName: node
  linkType: hard

"is-glob@npm:^4.0.1":
  version: 4.0.3
  resolution: "is-glob@npm:4.0.3"
  dependencies:
    is-extglob: "npm:^2.1.1"
  checksum: 3ed74f2b0cdf4f401f38edb0442ddfde3092d79d7d35c9919c86641efdbcbb32e45aa3c0f70ce5eecc946896cd5a0f26e4188b9f2b881876f7cb6c505b82da11
  languageName: node
  linkType: hard

"is-number@npm:^7.0.0":
  version: 7.0.0
  resolution: "is-number@npm:7.0.0"
  checksum: 6a6c3383f68afa1e05b286af866017c78f1226d43ac8cb064e115ff9ed85eb33f5c4f7216c96a71e4dfea289ef52c5da3aef5bbfade8ffe47a0465d70c0c8e86
  languageName: node
  linkType: hard

"is-plain-obj@npm:^4.1.0":
  version: 4.1.0
  resolution: "is-plain-obj@npm:4.1.0"
  checksum: 6dc45da70d04a81f35c9310971e78a6a3c7a63547ef782e3a07ee3674695081b6ca4e977fbb8efc48dae3375e0b34558d2bcd722aec9bddfa2d7db5b041be8ce
  languageName: node
  linkType: hard

"merge2@npm:^1.3.0, merge2@npm:^1.4.1":
  version: 1.4.1
  resolution: "merge2@npm:1.4.1"
  checksum: 7268db63ed5169466540b6fb947aec313200bcf6d40c5ab722c22e242f651994619bcd85601602972d3c85bd2cc45a358a4c61937e9f11a061919a1da569b0c2
  languageName: node
  linkType: hard

"micromatch@npm:^4.0.4":
  version: 4.0.5
  resolution: "micromatch@npm:4.0.5"
  dependencies:
    braces: "npm:^3.0.2"
    picomatch: "npm:^2.3.1"
  checksum: a749888789fc15cac0e03273844dbd749f9f8e8d64e70c564bcf06a033129554c789bb9e30d7566d7ff6596611a08e58ac12cf2a05f6e3c9c47c50c4c7e12fa2
  languageName: node
  linkType: hard

"mime-db@npm:1.52.0":
  version: 1.52.0
  resolution: "mime-db@npm:1.52.0"
  checksum: 54bb60bf39e6f8689f6622784e668a3d7f8bed6b0d886f5c3c446cb3284be28b30bf707ed05d0fe44a036f8469976b2629bbea182684977b084de9da274694d7
  languageName: node
  linkType: hard

"mime-types@npm:^2.1.12":
  version: 2.1.35
  resolution: "mime-types@npm:2.1.35"
  dependencies:
    mime-db: "npm:1.52.0"
  checksum: 89aa9651b67644035de2784a6e665fc685d79aba61857e02b9c8758da874a754aed4a9aced9265f5ed1171fd934331e5516b84a7f0218031b6fa0270eca1e51a
  languageName: node
  linkType: hard

"path-type@npm:^4.0.0":
  version: 4.0.0
  resolution: "path-type@npm:4.0.0"
  checksum: 5b1e2daa247062061325b8fdbfd1fb56dde0a448fb1455453276ea18c60685bdad23a445dc148cf87bc216be1573357509b7d4060494a6fd768c7efad833ee45
  languageName: node
  linkType: hard

"picomatch@npm:^2.3.1":
  version: 2.3.1
  resolution: "picomatch@npm:2.3.1"
  checksum: 60c2595003b05e4535394d1da94850f5372c9427ca4413b71210f437f7b2ca091dbd611c45e8b37d10036fa8eade25c1b8951654f9d3973bfa66a2ff4d3b08bc
  languageName: node
  linkType: hard

"prettier-plugin-packagejson@npm:^2.4.9":
  version: 2.4.9
  resolution: "prettier-plugin-packagejson@npm:2.4.9"
  dependencies:
    sort-package-json: "npm:2.6.0"
    synckit: "npm:0.9.0"
  peerDependencies:
    prettier: ">= 1.16.0"
  peerDependenciesMeta:
    prettier:
      optional: true
  checksum: dd55b8da062ac5472fbe57e84351eefe15e30296a824860cde8703bdbabc1162c3267841617065b734df5e16406caf088df8234cd9e1f8e30fbc67a1e6cbb6b4
  languageName: node
  linkType: hard

"prettier@npm:^3.2.2":
  version: 3.2.2
  resolution: "prettier@npm:3.2.2"
  bin:
    prettier: bin/prettier.cjs
  checksum: ab9470ff6cfd19f28bc424f22e58f2fc4a488d148b9384f6c3739235017c8350cae82b3697392c23d9b098b9d8dfaa1cc9ff4ef25fd45f54c97b95f9cc7a1f7d
  languageName: node
  linkType: hard

"proxy-from-env@npm:^1.1.0":
  version: 1.1.0
  resolution: "proxy-from-env@npm:1.1.0"
  checksum: f0bb4a87cfd18f77bc2fba23ae49c3b378fb35143af16cc478171c623eebe181678f09439707ad80081d340d1593cd54a33a0113f3ccb3f4bc9451488780ee23
  languageName: node
  linkType: hard

"queue-microtask@npm:^1.2.2":
  version: 1.2.3
  resolution: "queue-microtask@npm:1.2.3"
  checksum: 72900df0616e473e824202113c3df6abae59150dfb73ed13273503127235320e9c8ca4aaaaccfd58cf417c6ca92a6e68ee9a5c3182886ae949a768639b388a7b
  languageName: node
  linkType: hard

"ramda@npm:^0.29.0":
  version: 0.29.1
  resolution: "ramda@npm:0.29.1"
  checksum: 5824249efa18f3c013ea0bae6cdcc167ef357fff5441586b7ad98759e902b1397297d92b50bdc317f49fe73fa6b0e17f806f4d0f7a95270f05c25afa733a8fc5
  languageName: node
  linkType: hard

"reusify@npm:^1.0.4":
  version: 1.0.4
  resolution: "reusify@npm:1.0.4"
  checksum: 14222c9e1d3f9ae01480c50d96057228a8524706db79cdeb5a2ce5bb7070dd9f409a6f84a02cbef8cdc80d39aef86f2dd03d155188a1300c599b05437dcd2ffb
  languageName: node
  linkType: hard

"run-parallel@npm:^1.1.9":
  version: 1.2.0
  resolution: "run-parallel@npm:1.2.0"
  dependencies:
    queue-microtask: "npm:^1.2.2"
  checksum: cb4f97ad25a75ebc11a8ef4e33bb962f8af8516bb2001082ceabd8902e15b98f4b84b4f8a9b222e5d57fc3bd1379c483886ed4619367a7680dad65316993021d
  languageName: node
  linkType: hard

"slash@npm:^4.0.0":
  version: 4.0.0
  resolution: "slash@npm:4.0.0"
  checksum: da8e4af73712253acd21b7853b7e0dbba776b786e82b010a5bfc8b5051a1db38ed8aba8e1e8f400dd2c9f373be91eb1c42b66e91abb407ff42b10feece5e1d2d
  languageName: node
  linkType: hard

"sort-object-keys@npm:^1.1.3":
  version: 1.1.3
  resolution: "sort-object-keys@npm:1.1.3"
  checksum: abea944d6722a1710a1aa6e4f9509da085d93d5fc0db23947cb411eedc7731f80022ce8fa68ed83a53dd2ac7441fcf72a3f38c09b3d9bbc4ff80546aa2e151ad
  languageName: node
  linkType: hard

"sort-package-json@npm:2.6.0":
  version: 2.6.0
  resolution: "sort-package-json@npm:2.6.0"
  dependencies:
    detect-indent: "npm:^7.0.1"
    detect-newline: "npm:^4.0.0"
    get-stdin: "npm:^9.0.0"
    git-hooks-list: "npm:^3.0.0"
    globby: "npm:^13.1.2"
    is-plain-obj: "npm:^4.1.0"
    sort-object-keys: "npm:^1.1.3"
  bin:
    sort-package-json: cli.js
  checksum: d955b1701757934e79bf6b0db7348106e8ab2d4972878210cbabae501b7d6d81d548f9b4ef1f357201914da9b643a60b87c77eaea171672728f3a9e5c83e00df
  languageName: node
  linkType: hard

"synckit@npm:0.9.0":
  version: 0.9.0
  resolution: "synckit@npm:0.9.0"
  dependencies:
    "@pkgr/core": "npm:^0.1.0"
    tslib: "npm:^2.6.2"
  checksum: e93f3f5ee43fa71d3bb2a345049642d9034f34fa9528706b5ef26e825335ca5446143c56c2b041810afe26aa6e343583ff08525f5530618a4707375270f87be1
  languageName: node
  linkType: hard

"to-regex-range@npm:^5.0.1":
  version: 5.0.1
  resolution: "to-regex-range@npm:5.0.1"
  dependencies:
    is-number: "npm:^7.0.0"
  checksum: 10dda13571e1f5ad37546827e9b6d4252d2e0bc176c24a101252153ef435d83696e2557fe128c4678e4e78f5f01e83711c703eef9814eb12dab028580d45980a
  languageName: node
  linkType: hard

"tslib@npm:^2.6.2":
  version: 2.6.2
  resolution: "tslib@npm:2.6.2"
  checksum: bd26c22d36736513980091a1e356378e8b662ded04204453d353a7f34a4c21ed0afc59b5f90719d4ba756e581a162ecbf93118dc9c6be5acf70aa309188166ca
  languageName: node
  linkType: hard
