# This file is generated by running "yarn install" inside your project.
# Manual changes might be lost - proceed with caution!

__metadata:
  version: 7
  cacheKey: 9

"@nodelib/fs.scandir@npm:2.1.5":
  version: 2.1.5
  resolution: "@nodelib/fs.scandir@npm:2.1.5"
  dependencies:
    "@nodelib/fs.stat": "npm:2.0.5"
    run-parallel: "npm:^1.1.9"
  checksum: 5f309a3b375738e97d4f3cf73ace218690d5a1cfdf98202c6b46bfda61f4317e0e0036c81b040b147e7d1632c7da2e2462e47660de428917cacaebfa2a0a20c7
  languageName: node
  linkType: hard

"@nodelib/fs.stat@npm:2.0.5, @nodelib/fs.stat@npm:^2.0.2":
  version: 2.0.5
  resolution: "@nodelib/fs.stat@npm:2.0.5"
  checksum: 594d04bcf578d15af65b510dbd9c0dc2458d2a7ef1b403924f22f64d397e965efa8c6854b3fee3395244ae642e28d896ab9d04c5ee5c46ef4fda1d48eaaef19c
  languageName: node
  linkType: hard

"@nodelib/fs.walk@npm:^1.2.3":
  version: 1.2.8
  resolution: "@nodelib/fs.walk@npm:1.2.8"
  dependencies:
    "@nodelib/fs.scandir": "npm:2.1.5"
    fastq: "npm:^1.6.0"
  checksum: 3542284aa2d6e313cfd4ae40a2502b53e1f35da6f4f9890422aad018c04866f6bfb96c4105e23dbd9fb93cfc630cc607777df658a3a525d63a3bfb9bcb2b0f21
  languageName: node
  linkType: hard

"@pkgr/utils@npm:^2.3.1":
  version: 2.3.1
  resolution: "@pkgr/utils@npm:2.3.1"
  dependencies:
    cross-spawn: "npm:^7.0.3"
    is-glob: "npm:^4.0.3"
    open: "npm:^8.4.0"
    picocolors: "npm:^1.0.0"
    tiny-glob: "npm:^0.2.9"
    tslib: "npm:^2.4.0"
  checksum: aa2434a9fb5f4e9c594575186d1251b3acc8f05c90dfa1e7b016340064235600f64d4e684775a5594c269be5d70ba10d41ca48660683a7dd7753707bad6e9478
  languageName: node
  linkType: hard

"@sargunv/prettier-config@npm:^0.2.2":
  version: 0.2.2
  resolution: "@sargunv/prettier-config@npm:0.2.2"
  dependencies:
    prettier-plugin-packagejson: "npm:^2.4.2"
  peerDependencies:
    prettier: "*"
  checksum: 8d444d158e4d10cfbd04b7492691e0eb077bd203dbea8f60e1b754c48b71cbc700de11ed0bf71c28776a463adde3caa5825d90d5862ca966ac69e658a34e2728
  languageName: node
  linkType: hard

"@sargunv/typescript-config@workspace:.":
  version: 0.0.0-use.local
  resolution: "@sargunv/typescript-config@workspace:."
  dependencies:
    "@sargunv/prettier-config": "npm:^0.2.2"
    ignore-sync: "npm:^6.0.2"
    prettier: "npm:^2.8.7"
  peerDependencies:
    typescript: "*"
  languageName: unknown
  linkType: soft

"asynckit@npm:^0.4.0":
  version: 0.4.0
  resolution: "asynckit@npm:0.4.0"
  checksum: e4d1381289f9effe69a4dbc18e8b4e2059113dfb23634d0f4064226042870dbc53175fbf261f982d055fa2952163a8b7608781ea58314a17bb6a2cd6815af4f1
  languageName: node
  linkType: hard

"axios@npm:^1.1.2":
  version: 1.3.2
  resolution: "axios@npm:1.3.2"
  dependencies:
    follow-redirects: "npm:^1.15.0"
    form-data: "npm:^4.0.0"
    proxy-from-env: "npm:^1.1.0"
  checksum: d70325ae823919b0d1c5b3a41392780f12dfafa666cf688c1948e72fc5ad4fe6ffdd7bfc1aa63fcbda54bba500dfadf680ad675632af72de18269626e9e18b67
  languageName: node
  linkType: hard

"braces@npm:^3.0.2":
  version: 3.0.2
  resolution: "braces@npm:3.0.2"
  dependencies:
    fill-range: "npm:^7.0.1"
  checksum: 1aa7f7f39e1dff23894196303515503dd945f36adcb78073ee067b421ecc595265556911183b24d1bc4e51011d3536d63d117cb4493e5123fcc7456596a93637
  languageName: node
  linkType: hard

"combined-stream@npm:^1.0.8":
  version: 1.0.8
  resolution: "combined-stream@npm:1.0.8"
  dependencies:
    delayed-stream: "npm:~1.0.0"
  checksum: c3224efc798a4f2066ff2f65c28d60b48ec73b38bf76331ecc61814875cc5c8a93beccc268ca08aaa98a141c262de5787d68685b6682b8b67ad2dadb8bd2ddd2
  languageName: node
  linkType: hard

"cross-spawn@npm:^7.0.3":
  version: 7.0.3
  resolution: "cross-spawn@npm:7.0.3"
  dependencies:
    path-key: "npm:^3.1.0"
    shebang-command: "npm:^2.0.0"
    which: "npm:^2.0.1"
  checksum: 37ec685f91f04d4719892f305fa6f632aae256df7f2f3f98d5c36f2197651ad7b77851aaa2d397d19a9555f0fb89fa18f9bb3ff4b440535cc0fb4fe0a72004b9
  languageName: node
  linkType: hard

"define-lazy-prop@npm:^2.0.0":
  version: 2.0.0
  resolution: "define-lazy-prop@npm:2.0.0"
  checksum: 53656037e7b33e52c0cb39d8348c92087b961711c89fa7df07e6c8cfe5039d17157ee8e22c00bbdd4d1038a114f2d38821fcef4668d4c87854635ec13e87b808
  languageName: node
  linkType: hard

"delayed-stream@npm:~1.0.0":
  version: 1.0.0
  resolution: "delayed-stream@npm:1.0.0"
  checksum: 22f11ed342773dbc427e84d5a972e5c67fc34a44bf80eead5a41d8697c9303ae32991e568921cbd82553deeb1b33f3d6ecc148bf0efe3789589c8cb7b0e1a53a
  languageName: node
  linkType: hard

"detect-indent@npm:^7.0.1":
  version: 7.0.1
  resolution: "detect-indent@npm:7.0.1"
  checksum: f5cd42359a6ac9e3a62c52a2b38934829b935ddd976c90a42fac4e8bddad9cc2baa25a8ee2e9c03cc23b3026df9202308f6d515ca8a6422b631d87cb6e4c75e5
  languageName: node
  linkType: hard

"detect-newline@npm:^4.0.0":
  version: 4.0.0
  resolution: "detect-newline@npm:4.0.0"
  checksum: 940e3da7ef1838b966401f54a54a5a38d112f3504d6279a2b253ff6fc098a7db49d8a0b62371d2206120759186905240de1eceedb21f583ab330af6e7748b1f5
  languageName: node
  linkType: hard

"dir-glob@npm:^3.0.1":
  version: 3.0.1
  resolution: "dir-glob@npm:3.0.1"
  dependencies:
    path-type: "npm:^4.0.0"
  checksum: 713590b89f9d09b80da82094419260ee15f4e67da692659876ac747ee38788dbb8b2bd5d2749bbcf298ce934888e378569f01895a136a09b54d1b28753e337c7
  languageName: node
  linkType: hard

"fast-glob@npm:^3.2.11, fast-glob@npm:^3.2.12":
  version: 3.2.12
  resolution: "fast-glob@npm:3.2.12"
  dependencies:
    "@nodelib/fs.stat": "npm:^2.0.2"
    "@nodelib/fs.walk": "npm:^1.2.3"
    glob-parent: "npm:^5.1.2"
    merge2: "npm:^1.3.0"
    micromatch: "npm:^4.0.4"
  checksum: 3b98e0cadbf2aea3fa2be76e28b0c895bb18d920ccb7b3d3f603a464e3dc2c6a89a8afb9f9765226bd4d4d74b70e880721ff7a57a267c2eaa11353f35d42d11b
  languageName: node
  linkType: hard

"fastq@npm:^1.6.0":
  version: 1.15.0
  resolution: "fastq@npm:1.15.0"
  dependencies:
    reusify: "npm:^1.0.4"
  checksum: 9c256d4b1c55c2a494ef198632ad19b801f98fb05b804c761c8c733da58b8f63888fdfe5e4c8ec7144f369135b71f23da1457e71b3aebaa943d2d5337bb86262
  languageName: node
  linkType: hard

"fill-range@npm:^7.0.1":
  version: 7.0.1
  resolution: "fill-range@npm:7.0.1"
  dependencies:
    to-regex-range: "npm:^5.0.1"
  checksum: e5ccb299de8a12ea5dcef663f658933e2fbdf40aeab3e7e5af9132e82d7f6bdd0984ac2e122dc1825707f33917c308bc40b632b852331c900c317c5d64bb7bf0
  languageName: node
  linkType: hard

"follow-redirects@npm:^1.15.0":
  version: 1.15.2
  resolution: "follow-redirects@npm:1.15.2"
  peerDependenciesMeta:
    debug:
      optional: true
  checksum: 930171f8b81bf00e9368df4b17f3b835934762d51192632af53a51a8a608d5510a1ffbc6da5761dce9996cdbd750740490ca844320e5ff11cdaf2329a5a69647
  languageName: node
  linkType: hard

"form-data@npm:^4.0.0":
  version: 4.0.0
  resolution: "form-data@npm:4.0.0"
  dependencies:
    asynckit: "npm:^0.4.0"
    combined-stream: "npm:^1.0.8"
    mime-types: "npm:^2.1.12"
  checksum: de37c5684d843842d2cc2bc44a975d9fecdf1df30d061c90b62fc0caeeeeb45794bceaba7aa52ee5eae8ede01ba44215b26c58f41cf64271c513787b7241fce4
  languageName: node
  linkType: hard

"git-hooks-list@npm:^3.0.0":
  version: 3.1.0
  resolution: "git-hooks-list@npm:3.1.0"
  checksum: 999c795aea2eb8a70cd539573d11b8288d69156269437626fbf5482c3bb3646d33365b3df1c20b2c8084a439f5be5ccc58fbbd6097a8f26789700cc2b8ed232f
  languageName: node
  linkType: hard

"glob-parent@npm:^5.1.2":
  version: 5.1.2
  resolution: "glob-parent@npm:5.1.2"
  dependencies:
    is-glob: "npm:^4.0.1"
  checksum: 2a8fd4de469543f6160dbfff5c59950e39494fc8b692ca7e1d0a5564450dee53228370b43bcfdeda82c2f96b26de618ef8aa5ece28090fcd568c411b6148241d
  languageName: node
  linkType: hard

"globalyzer@npm:0.1.0":
  version: 0.1.0
  resolution: "globalyzer@npm:0.1.0"
  checksum: e52e064b89ef5a42ce76b92a4919e518c80615c80839f7d214f51c96ce5945308147a422a11c853760fc7a9a41cf8cc8fb7813c5816f2808d8fd4c066d0805a9
  languageName: node
  linkType: hard

"globby@npm:^13.1.2":
  version: 13.1.3
  resolution: "globby@npm:13.1.3"
  dependencies:
    dir-glob: "npm:^3.0.1"
    fast-glob: "npm:^3.2.11"
    ignore: "npm:^5.2.0"
    merge2: "npm:^1.4.1"
    slash: "npm:^4.0.0"
  checksum: a4b8f38a118310286f684c0146301f375f40b9550fa172f37a668f7de0b52d955f7f5c05e83885b517cedb39ebfc523a7155efa8e3366c375d3fff14e5924af4
  languageName: node
  linkType: hard

"globrex@npm:^0.1.2":
  version: 0.1.2
  resolution: "globrex@npm:0.1.2"
  checksum: e1f161f0e15cdfc29df57c8d3d8380063e7f0f8ea0322ae5fbec9fe14ebc62fd337d65a2d80a479faade7c7ef079e062eb11586e43016d0b6b5989bd2e7b1d1b
  languageName: node
  linkType: hard

"ignore-sync@npm:^6.0.2":
  version: 6.0.2
  resolution: "ignore-sync@npm:6.0.2"
  dependencies:
    axios: "npm:^1.1.2"
    fast-glob: "npm:^3.2.12"
    ignore: "npm:^5.2.0"
    ramda: "npm:^0.28.0"
  bin:
    ignore-sync: src/bin.js
  checksum: 50830a847225a445c2d713b34c37f117d5a298aa303cd1ea40e858118eca13c8b47fa938a719103b58f2a3efded117775c5e5bfbf0720c9d387f7192d7957dd3
  languageName: node
  linkType: hard

"ignore@npm:^5.2.0":
  version: 5.2.4
  resolution: "ignore@npm:5.2.4"
  checksum: 55c58d848bb753a2b7e0b4a19352f9212eae2e4a05e4a12753e90b921108a6caa140adf958a5084b144bedd886b44e3bc93f6b4839e5aba1fb4a72c6625da4c1
  languageName: node
  linkType: hard

"is-docker@npm:^2.0.0, is-docker@npm:^2.1.1":
  version: 2.2.1
  resolution: "is-docker@npm:2.2.1"
  bin:
    is-docker: cli.js
  checksum: 4a6decb5f39980f0be8169474b2f2db9f76f77dc83353cdf815e7790b51ed29775eb316e77a868b5c80c4587e8c98d533eef484c0b76f856c576282a8c52920f
  languageName: node
  linkType: hard

"is-extglob@npm:^2.1.1":
  version: 2.1.1
  resolution: "is-extglob@npm:2.1.1"
  checksum: 226b9f6eee1e7da52f72c98ed4ea7fc71ee3a087b6d1c62655c9a81c601caa2fd98b9f9be42fb8163eef2720cdbf046bc7c5548a76755651e540f4b08ff3b120
  languageName: node
  linkType: hard

"is-glob@npm:^4.0.1, is-glob@npm:^4.0.3":
  version: 4.0.3
  resolution: "is-glob@npm:4.0.3"
  dependencies:
    is-extglob: "npm:^2.1.1"
  checksum: 0b2f6c06162a1d6c764b2f1cf0f2617b6e0cb1e8125c0e3b7e838a3e06caac81268ab3c0a4699052df59229c99e8a1dd0217b30476d7643a37fa17a49f1b50af
  languageName: node
  linkType: hard

"is-number@npm:^7.0.0":
  version: 7.0.0
  resolution: "is-number@npm:7.0.0"
  checksum: 748df55ae14cc960b090a7611932940df9fa703b7e0fb4f73943b4eb94c4b5391f27ba3881fab8f5bf7a2f097490e812db0d58d05c92154e70fdf14f93d6fa95
  languageName: node
  linkType: hard

"is-plain-obj@npm:^4.1.0":
  version: 4.1.0
  resolution: "is-plain-obj@npm:4.1.0"
  checksum: 9d6bfe46ad30eda62cc2f0caec2ee980257a84a0a003523588c8c0e5eb33b6e42e73910f42c323490bfdfdd1bf7fd7854e8f156c275da7c12bebebb1be11c73a
  languageName: node
  linkType: hard

"is-wsl@npm:^2.2.0":
  version: 2.2.0
  resolution: "is-wsl@npm:2.2.0"
  dependencies:
    is-docker: "npm:^2.0.0"
  checksum: 44a5dd51a565631dc02905673e6fc1eded217f5039a20ded7ab17ced7352746937f08dac3f4eecafe5ac854528d6fef2378d8d2ffaab0e6d10109f6a36ed4986
  languageName: node
  linkType: hard

"isexe@npm:^2.0.0":
  version: 2.0.0
  resolution: "isexe@npm:2.0.0"
  checksum: b37fe0a7983c0c151c7b31ca716405aaea190ac9cd6ef3f79355f4afb043ed4d3182a6addd73b20df7a0b229269737ad0daf64116821a048bfbe6b8fb7eb842c
  languageName: node
  linkType: hard

"merge2@npm:^1.3.0, merge2@npm:^1.4.1":
  version: 1.4.1
  resolution: "merge2@npm:1.4.1"
  checksum: d58d7c31e24ccb93509def2af306eca9a55ad8b8862a26ea7deda3c9338e5d33365f57197ad37af68c319e5e2a1faf089e5d05894d0dc29ff07025b30b8ff8b0
  languageName: node
  linkType: hard

"micromatch@npm:^4.0.4":
  version: 4.0.5
  resolution: "micromatch@npm:4.0.5"
  dependencies:
    braces: "npm:^3.0.2"
    picomatch: "npm:^2.3.1"
  checksum: 260305ba8cb1f073a39bbaa31edc93f7587399a094417541dc771402f83c78819ed76743c810c9fcf1c449f09bfb4de263dad8507d532e4e86063a87158a2ad6
  languageName: node
  linkType: hard

"mime-db@npm:1.52.0":
  version: 1.52.0
  resolution: "mime-db@npm:1.52.0"
  checksum: 95baf687a3f14ff2cc433e30dea5c4931c7f4b67059d44a0098cfb833858cad63ec13c20f98762bddd088c4e9dac6d95862db1ea9d3fe3fa68f57b69a325000d
  languageName: node
  linkType: hard

"mime-types@npm:^2.1.12":
  version: 2.1.35
  resolution: "mime-types@npm:2.1.35"
  dependencies:
    mime-db: "npm:1.52.0"
  checksum: 51e3b38d1b1b83da082f7c29042bcb22036101346394696b7643ef5da27ebf6bf71643bd45225ee75e4ea2836213780efc8c3dcd2055c84b49eb0afc061419d0
  languageName: node
  linkType: hard

"open@npm:^8.4.0":
  version: 8.4.1
  resolution: "open@npm:8.4.1"
  dependencies:
    define-lazy-prop: "npm:^2.0.0"
    is-docker: "npm:^2.1.1"
    is-wsl: "npm:^2.2.0"
  checksum: e96187240bd8c93ea5046ea5aef1574c35de4f26de36ecae07411974d716bb570caac55017287ca8c30af8224979495386c3a29458cc35208ff9120457cf5bec
  languageName: node
  linkType: hard

"path-key@npm:^3.1.0":
  version: 3.1.1
  resolution: "path-key@npm:3.1.1"
  checksum: 93ee8a32e3be43548ece14eba2620bf5164884d0cc1aa3615d136567a39e02066c9b5aeb5b6747d766af55936151c95d9371ba46d4fcf361db9691505650c001
  languageName: node
  linkType: hard

"path-type@npm:^4.0.0":
  version: 4.0.0
  resolution: "path-type@npm:4.0.0"
  checksum: 6a9330ad8d96f31e929feb414cde2959078379ba5a48c9e3eab34f280d7850eec6a0fa3ed5be9150e9e4d7df5139c1ae92f891b18167528553a11382d8f54183
  languageName: node
  linkType: hard

"picocolors@npm:^1.0.0":
  version: 1.0.0
  resolution: "picocolors@npm:1.0.0"
  checksum: 447e1f6e4953522a3947f2effa93dca66f2436a7c275327ba1a7fb526eab369fc9847d77ebcd734dc483322256f34b431e93a325e44726e4ec390c11cc7f5c87
  languageName: node
  linkType: hard

"picomatch@npm:^2.3.1":
  version: 2.3.1
  resolution: "picomatch@npm:2.3.1"
  checksum: 6ba5938c24af2c5918e94b39aa0ad48d71f2c30634de69d46e0bd32feb666de4e909406db6ffb78f98d39ef450d6a41b6fa3954dc3659d7b2b750766c1261e5e
  languageName: node
  linkType: hard

"prettier-plugin-packagejson@npm:^2.4.2":
  version: 2.4.3
  resolution: "prettier-plugin-packagejson@npm:2.4.3"
  dependencies:
    sort-package-json: "npm:2.4.1"
    synckit: "npm:0.8.5"
  peerDependencies:
    prettier: ">= 1.16.0"
  peerDependenciesMeta:
    prettier:
      optional: true
  checksum: 87cb0a7d05a86f417dbe33e2555a4d0f6352d062fa8f0041c0c37c2b7064ef1438f24605cb298c70cc70e55c7c3eb5bb583b6c4e5bcea79037cd79d21e91f89e
  languageName: node
  linkType: hard

"prettier@npm:^2.8.7":
  version: 2.8.7
  resolution: "prettier@npm:2.8.7"
  bin:
    prettier: bin-prettier.js
  checksum: ec15b2e0a2a34a4987cca4ee72b2df56c7f4a4c62322d9a0f3c9efccb2cc0e3efdb791bb2764f2268e69e05946dc72108e5b5957d4bb2c1a41a11733b8b09153
  languageName: node
  linkType: hard

"proxy-from-env@npm:^1.1.0":
  version: 1.1.0
  resolution: "proxy-from-env@npm:1.1.0"
  checksum: 0bba2ef7c8374b384e94e4477764e53df66fcdfa7d19e2c4a063cb39eea979c139ce13981970223665422e72b7d149609a927046e2e40ab340b84d91af082591
  languageName: node
  linkType: hard

"queue-microtask@npm:^1.2.2":
  version: 1.2.3
  resolution: "queue-microtask@npm:1.2.3"
  checksum: 84624bee6c25c9d9776242ce0dcc3e15f703d897f4b7d982f32ef4d88c51048507a0999d9ff038ec46f65901655460b69240e414da1cebc2d723987ec81cbae8
  languageName: node
  linkType: hard

"ramda@npm:^0.28.0":
  version: 0.28.0
  resolution: "ramda@npm:0.28.0"
  checksum: 120ec279647aadc8b771b4c0469ad8fb031f38268ebacd95285e92681fa727be54f19d7f386b1cfd7906eb126b8699d84a4a3ecfe1412d41cec0f4e7250ca182
  languageName: node
  linkType: hard

"reusify@npm:^1.0.4":
  version: 1.0.4
  resolution: "reusify@npm:1.0.4"
  checksum: 3d0f10293851d5a50453257bb837ad973b046fc51fa489c46f3a480e0e3a9cf249babb30a493ad5f802a71510b2ee4e65a4609a644f98b3413575ab707f841d7
  languageName: node
  linkType: hard

"run-parallel@npm:^1.1.9":
  version: 1.2.0
  resolution: "run-parallel@npm:1.2.0"
  dependencies:
    queue-microtask: "npm:^1.2.2"
  checksum: 45bff4f6664ae79b8653ebd32c6e9e9e37139683f7bd1d54d5a05c409c9d167ece16c9b7e36a99ac4bb7a08b5f72b4084a1e08eba443bc6e2ca9044ef972752c
  languageName: node
  linkType: hard

"shebang-command@npm:^2.0.0":
  version: 2.0.0
  resolution: "shebang-command@npm:2.0.0"
  dependencies:
    shebang-regex: "npm:^3.0.0"
  checksum: 5907a8d5facbefbd4dc8d21778d2136d5d22d61b5526452d92d46662614f0ed57090e7adf7184fe9d2d5ef75af9f05d7573437e10b37f2e6fdeeeb5f59fd9ada
  languageName: node
  linkType: hard

"shebang-regex@npm:^3.0.0":
  version: 3.0.0
  resolution: "shebang-regex@npm:3.0.0"
  checksum: 6be1588a86ed74d05481d09a6ef6a8db44550fda9785ae08c3df06717abc2e5e9a11804b1d0ac9b0641870c5ebf545e18c8d348bc105ba09227e6a32415ea1d6
  languageName: node
  linkType: hard

"slash@npm:^4.0.0":
  version: 4.0.0
  resolution: "slash@npm:4.0.0"
  checksum: 0327fcda20ceb59983f59b6016ecc1d8a0c750a66af0205cdb0d0b92b857586c847515d3098a7538816c61a145d3822aec5509b0fe5c9ccff14789e0603c8ea1
  languageName: node
  linkType: hard

"sort-object-keys@npm:^1.1.3":
  version: 1.1.3
  resolution: "sort-object-keys@npm:1.1.3"
  checksum: c5538e356236165176363e724a4fe99fa0f7eaab8c9f8afce34e5bbe415da89397767c7e90b5ef3b7a5f5c517923869c9e72a89b2a99eacc823144766ccff670
  languageName: node
  linkType: hard

"sort-package-json@npm:2.4.1":
  version: 2.4.1
  resolution: "sort-package-json@npm:2.4.1"
  dependencies:
    detect-indent: "npm:^7.0.1"
    detect-newline: "npm:^4.0.0"
    git-hooks-list: "npm:^3.0.0"
    globby: "npm:^13.1.2"
    is-plain-obj: "npm:^4.1.0"
    sort-object-keys: "npm:^1.1.3"
  bin:
    sort-package-json: cli.js
  checksum: da45e592704c9129fa802789d376385fa4559fe60a3fc785d8828a9859a8c782ce63c62e19707ea60790c46c9cee221f8d4bd7469cdc573936303e48897ac242
  languageName: node
  linkType: hard

"synckit@npm:0.8.5":
  version: 0.8.5
  resolution: "synckit@npm:0.8.5"
  dependencies:
    "@pkgr/utils": "npm:^2.3.1"
    tslib: "npm:^2.5.0"
  checksum: 4f8cad99ececb0f22d91780c9882d1ef51fd551051cbd53f4674876771007e3b0ed6adcf17622a9bca8f9f8b16f49d91c4cc37d25888bc9d7ab3470e496bc4a6
  languageName: node
  linkType: hard

"tiny-glob@npm:^0.2.9":
  version: 0.2.9
  resolution: "tiny-glob@npm:0.2.9"
  dependencies:
    globalyzer: "npm:0.1.0"
    globrex: "npm:^0.1.2"
  checksum: 41f9a38124164bda6a2149f951e046c555a508ce22cbad2d08b7d4066622faa6933feae503c647815342b9e461ffc93cf7e41b28e835030480b081e000b1caf7
  languageName: node
  linkType: hard

"to-regex-range@npm:^5.0.1":
  version: 5.0.1
  resolution: "to-regex-range@npm:5.0.1"
  dependencies:
    is-number: "npm:^7.0.0"
  checksum: 16564897c76bbd25bd3c375ee8d4b1fd3ac965fc4ab550ff034a1dddb53816ec06dc27095468394ad4de5978d5e831a9d1ae4cb31080dc4ebd9ba80a47dc1a4f
  languageName: node
  linkType: hard

"tslib@npm:^2.4.0, tslib@npm:^2.5.0":
  version: 2.5.0
  resolution: "tslib@npm:2.5.0"
  checksum: 5a6ee935f56cd653af29de928483acbab7323f964b053e98b6b318abc69431fb0e4f660c4f4a396e2e93852510bef25eeb9f1d951d060b2d7bcc313811e5da6f
  languageName: node
  linkType: hard

"which@npm:^2.0.1":
  version: 2.0.2
  resolution: "which@npm:2.0.2"
  dependencies:
    isexe: "npm:^2.0.0"
  bin:
    node-which: ./bin/node-which
  checksum: 3728616c789b289c36ba2572887145e0736f06fe3435b8fef17e27eb5ec0696f61a21e356dd7fa58486346e57186863afa1b6c27c7665f7e674c8124f7f61157
  languageName: node
  linkType: hard
